
Microsoft Visual Studio Solution File, Format Version 12.00
# Visual Studio Version 17
VisualStudioVersion = 17.4.33205.214
MinimumVisualStudioVersion = 10.0.40219.1
Project("{9A19103F-16F7-4668-BE54-9A1E7A4F7556}") = "Quizlet", "Quizlet\Quizlet.csproj", "{057C2C2F-B9D5-454C-AD00-E60833144A41}"
EndProject
Project("{FAE04EC0-301F-11D3-BF4B-00C04F79EFBC}") = "RootRigths", "RootRigths\RootRigths.csproj", "{67504CC2-190E-476C-B786-31DCE1740067}"
EndProject
Global
	GlobalSection(SolutionConfigurationPlatforms) = preSolution
		Debug|Any CPU = Debug|Any CPU
		Release|Any CPU = Release|Any CPU
	EndGlobalSection
	GlobalSection(ProjectConfigurationPlatforms) = postSolution
		{057C2C2F-B9D5-454C-AD00-E60833144A41}.Debug|Any CPU.ActiveCfg = Debug|Any CPU
		{057C2C2F-B9D5-454C-AD00-E60833144A41}.Debug|Any CPU.Build.0 = Debug|Any CPU
		{057C2C2F-B9D5-454C-AD00-E60833144A41}.Release|Any CPU.ActiveCfg = Release|Any CPU
		{057C2C2F-B9D5-454C-AD00-E60833144A41}.Release|Any CPU.Build.0 = Release|Any CPU
		{67504CC2-190E-476C-B786-31DCE1740067}.Debug|Any CPU.ActiveCfg = Debug|Any CPU
		{67504CC2-190E-476C-B786-31DCE1740067}.Debug|Any CPU.Build.0 = Debug|Any CPU
		{67504CC2-190E-476C-B786-31DCE1740067}.Release|Any CPU.ActiveCfg = Release|Any CPU
		{67504CC2-190E-476C-B786-31DCE1740067}.Release|Any CPU.Build.0 = Release|Any CPU
	EndGlobalSection
	GlobalSection(SolutionProperties) = preSolution
		HideSolutionNode = FALSE
	EndGlobalSection
	GlobalSection(ExtensibilityGlobals) = postSolution
		SolutionGuid = {674D2F97-562B-4B17-9EC7-C8E455CCC59D}
	EndGlobalSection
EndGlobal
